
Microsoft Visual Studio Solution File, Format Version 12.00
# Visual Studio Version 17
VisualStudioVersion = 17.0.31903.59
MinimumVisualStudioVersion = 10.0.40219.1
Project("{2150E333-8FDC-42A3-9474-1A3956D46DE8}") = "src", "src", "{827E0CD3-B72D-47B6-A68D-7590B98EB39B}"
EndProject
Project("{FAE04EC0-301F-11D3-BF4B-00C04F79EFBC}") = "SmartPOS.Shared", "src\SmartPOS.Shared\SmartPOS.Shared.csproj", "{1D3D9916-AAE4-4308-9B69-E931762FF938}"
EndProject
Project("{FAE04EC0-301F-11D3-BF4B-00C04F79EFBC}") = "SmartPOS.Data", "src\SmartPOS.Data\SmartPOS.Data.csproj", "{C21B6108-C677-495F-AAB6-55A80792BF5A}"
EndProject
Project("{FAE04EC0-301F-11D3-BF4B-00C04F79EFBC}") = "SmartPOS.Services", "src\SmartPOS.Services\SmartPOS.Services.csproj", "{59966C14-0330-4DC1-9A14-0CFD8A7D0F94}"
EndProject
Project("{FAE04EC0-301F-11D3-BF4B-00C04F79EFBC}") = "SmartPOS.WPF", "src\SmartPOS.WPF\SmartPOS.WPF.csproj", "{C5046B66-29B6-49C6-A019-B8A2961ED350}"
EndProject
Project("{FAE04EC0-301F-11D3-BF4B-00C04F79EFBC}") = "SmartPOS.CallbackApi", "src\SmartPOS.CallbackApi\SmartPOS.CallbackApi.csproj", "{4AD613DF-E537-45E0-AD87-CBF238D4EF65}"
EndProject
Project("{FAE04EC0-301F-11D3-BF4B-00C04F79EFBC}") = "InventoryManager.Api", "src\InventoryManager.Api\InventoryManager.Api.csproj", "{E6ED2DB1-C6E1-47A8-BC49-FCBB373E2745}"
EndProject
Project("{2150E333-8FDC-42A3-9474-1A3956D46DE8}") = "tests", "tests", "{0AB3BF05-4346-4AA6-1389-037BE0695223}"
EndProject
Project("{FAE04EC0-301F-11D3-BF4B-00C04F79EFBC}") = "SmartPOS.Tests", "tests\SmartPOS.Tests\SmartPOS.Tests.csproj", "{04E86557-DAF6-4AED-93D4-B5E4E4E70CE8}"
EndProject
Global
	GlobalSection(SolutionConfigurationPlatforms) = preSolution
		Debug|Any CPU = Debug|Any CPU
		Debug|x64 = Debug|x64
		Debug|x86 = Debug|x86
		Release|Any CPU = Release|Any CPU
		Release|x64 = Release|x64
		Release|x86 = Release|x86
	EndGlobalSection
	GlobalSection(ProjectConfigurationPlatforms) = postSolution
		{1D3D9916-AAE4-4308-9B69-E931762FF938}.Debug|Any CPU.ActiveCfg = Debug|Any CPU
		{1D3D9916-AAE4-4308-9B69-E931762FF938}.Debug|Any CPU.Build.0 = Debug|Any CPU
		{1D3D9916-AAE4-4308-9B69-E931762FF938}.Debug|x64.ActiveCfg = Debug|Any CPU
		{1D3D9916-AAE4-4308-9B69-E931762FF938}.Debug|x64.Build.0 = Debug|Any CPU
		{1D3D9916-AAE4-4308-9B69-E931762FF938}.Debug|x86.ActiveCfg = Debug|Any CPU
		{1D3D9916-AAE4-4308-9B69-E931762FF938}.Debug|x86.Build.0 = Debug|Any CPU
		{1D3D9916-AAE4-4308-9B69-E931762FF938}.Release|Any CPU.ActiveCfg = Release|Any CPU
		{1D3D9916-AAE4-4308-9B69-E931762FF938}.Release|Any CPU.Build.0 = Release|Any CPU
		{1D3D9916-AAE4-4308-9B69-E931762FF938}.Release|x64.ActiveCfg = Release|Any CPU
		{1D3D9916-AAE4-4308-9B69-E931762FF938}.Release|x64.Build.0 = Release|Any CPU
		{1D3D9916-AAE4-4308-9B69-E931762FF938}.Release|x86.ActiveCfg = Release|Any CPU
		{1D3D9916-AAE4-4308-9B69-E931762FF938}.Release|x86.Build.0 = Release|Any CPU
		{C21B6108-C677-495F-AAB6-55A80792BF5A}.Debug|Any CPU.ActiveCfg = Debug|Any CPU
		{C21B6108-C677-495F-AAB6-55A80792BF5A}.Debug|Any CPU.Build.0 = Debug|Any CPU
		{C21B6108-C677-495F-AAB6-55A80792BF5A}.Debug|x64.ActiveCfg = Debug|Any CPU
		{C21B6108-C677-495F-AAB6-55A80792BF5A}.Debug|x64.Build.0 = Debug|Any CPU
		{C21B6108-C677-495F-AAB6-55A80792BF5A}.Debug|x86.ActiveCfg = Debug|Any CPU
		{C21B6108-C677-495F-AAB6-55A80792BF5A}.Debug|x86.Build.0 = Debug|Any CPU
		{C21B6108-C677-495F-AAB6-55A80792BF5A}.Release|Any CPU.ActiveCfg = Release|Any CPU
		{C21B6108-C677-495F-AAB6-55A80792BF5A}.Release|Any CPU.Build.0 = Release|Any CPU
		{C21B6108-C677-495F-AAB6-55A80792BF5A}.Release|x64.ActiveCfg = Release|Any CPU
		{C21B6108-C677-495F-AAB6-55A80792BF5A}.Release|x64.Build.0 = Release|Any CPU
		{C21B6108-C677-495F-AAB6-55A80792BF5A}.Release|x86.ActiveCfg = Release|Any CPU
		{C21B6108-C677-495F-AAB6-55A80792BF5A}.Release|x86.Build.0 = Release|Any CPU
		{59966C14-0330-4DC1-9A14-0CFD8A7D0F94}.Debug|Any CPU.ActiveCfg = Debug|Any CPU
		{59966C14-0330-4DC1-9A14-0CFD8A7D0F94}.Debug|Any CPU.Build.0 = Debug|Any CPU
		{59966C14-0330-4DC1-9A14-0CFD8A7D0F94}.Debug|x64.ActiveCfg = Debug|Any CPU
		{59966C14-0330-4DC1-9A14-0CFD8A7D0F94}.Debug|x64.Build.0 = Debug|Any CPU
		{59966C14-0330-4DC1-9A14-0CFD8A7D0F94}.Debug|x86.ActiveCfg = Debug|Any CPU
		{59966C14-0330-4DC1-9A14-0CFD8A7D0F94}.Debug|x86.Build.0 = Debug|Any CPU
		{59966C14-0330-4DC1-9A14-0CFD8A7D0F94}.Release|Any CPU.ActiveCfg = Release|Any CPU
		{59966C14-0330-4DC1-9A14-0CFD8A7D0F94}.Release|Any CPU.Build.0 = Release|Any CPU
		{59966C14-0330-4DC1-9A14-0CFD8A7D0F94}.Release|x64.ActiveCfg = Release|Any CPU
		{59966C14-0330-4DC1-9A14-0CFD8A7D0F94}.Release|x64.Build.0 = Release|Any CPU
		{59966C14-0330-4DC1-9A14-0CFD8A7D0F94}.Release|x86.ActiveCfg = Release|Any CPU
		{59966C14-0330-4DC1-9A14-0CFD8A7D0F94}.Release|x86.Build.0 = Release|Any CPU
		{C5046B66-29B6-49C6-A019-B8A2961ED350}.Debug|Any CPU.ActiveCfg = Debug|Any CPU
		{C5046B66-29B6-49C6-A019-B8A2961ED350}.Debug|Any CPU.Build.0 = Debug|Any CPU
		{C5046B66-29B6-49C6-A019-B8A2961ED350}.Debug|x64.ActiveCfg = Debug|Any CPU
		{C5046B66-29B6-49C6-A019-B8A2961ED350}.Debug|x64.Build.0 = Debug|Any CPU
		{C5046B66-29B6-49C6-A019-B8A2961ED350}.Debug|x86.ActiveCfg = Debug|Any CPU
		{C5046B66-29B6-49C6-A019-B8A2961ED350}.Debug|x86.Build.0 = Debug|Any CPU
		{C5046B66-29B6-49C6-A019-B8A2961ED350}.Release|Any CPU.ActiveCfg = Release|Any CPU
		{C5046B66-29B6-49C6-A019-B8A2961ED350}.Release|Any CPU.Build.0 = Release|Any CPU
		{C5046B66-29B6-49C6-A019-B8A2961ED350}.Release|x64.ActiveCfg = Release|Any CPU
		{C5046B66-29B6-49C6-A019-B8A2961ED350}.Release|x64.Build.0 = Release|Any CPU
		{C5046B66-29B6-49C6-A019-B8A2961ED350}.Release|x86.ActiveCfg = Release|Any CPU
		{C5046B66-29B6-49C6-A019-B8A2961ED350}.Release|x86.Build.0 = Release|Any CPU
		{4AD613DF-E537-45E0-AD87-CBF238D4EF65}.Debug|Any CPU.ActiveCfg = Debug|Any CPU
		{4AD613DF-E537-45E0-AD87-CBF238D4EF65}.Debug|Any CPU.Build.0 = Debug|Any CPU
		{4AD613DF-E537-45E0-AD87-CBF238D4EF65}.Debug|x64.ActiveCfg = Debug|Any CPU
		{4AD613DF-E537-45E0-AD87-CBF238D4EF65}.Debug|x64.Build.0 = Debug|Any CPU
		{4AD613DF-E537-45E0-AD87-CBF238D4EF65}.Debug|x86.ActiveCfg = Debug|Any CPU
		{4AD613DF-E537-45E0-AD87-CBF238D4EF65}.Debug|x86.Build.0 = Debug|Any CPU
		{4AD613DF-E537-45E0-AD87-CBF238D4EF65}.Release|Any CPU.ActiveCfg = Release|Any CPU
		{4AD613DF-E537-45E0-AD87-CBF238D4EF65}.Release|Any CPU.Build.0 = Release|Any CPU
		{4AD613DF-E537-45E0-AD87-CBF238D4EF65}.Release|x64.ActiveCfg = Release|Any CPU
		{4AD613DF-E537-45E0-AD87-CBF238D4EF65}.Release|x64.Build.0 = Release|Any CPU
		{4AD613DF-E537-45E0-AD87-CBF238D4EF65}.Release|x86.ActiveCfg = Release|Any CPU
		{4AD613DF-E537-45E0-AD87-CBF238D4EF65}.Release|x86.Build.0 = Release|Any CPU
		{E6ED2DB1-C6E1-47A8-BC49-FCBB373E2745}.Debug|Any CPU.ActiveCfg = Debug|Any CPU
		{E6ED2DB1-C6E1-47A8-BC49-FCBB373E2745}.Debug|Any CPU.Build.0 = Debug|Any CPU
		{E6ED2DB1-C6E1-47A8-BC49-FCBB373E2745}.Debug|x64.ActiveCfg = Debug|Any CPU
		{E6ED2DB1-C6E1-47A8-BC49-FCBB373E2745}.Debug|x64.Build.0 = Debug|Any CPU
		{E6ED2DB1-C6E1-47A8-BC49-FCBB373E2745}.Debug|x86.ActiveCfg = Debug|Any CPU
		{E6ED2DB1-C6E1-47A8-BC49-FCBB373E2745}.Debug|x86.Build.0 = Debug|Any CPU
		{E6ED2DB1-C6E1-47A8-BC49-FCBB373E2745}.Release|Any CPU.ActiveCfg = Release|Any CPU
		{E6ED2DB1-C6E1-47A8-BC49-FCBB373E2745}.Release|Any CPU.Build.0 = Release|Any CPU
		{E6ED2DB1-C6E1-47A8-BC49-FCBB373E2745}.Release|x64.ActiveCfg = Release|Any CPU
		{E6ED2DB1-C6E1-47A8-BC49-FCBB373E2745}.Release|x64.Build.0 = Release|Any CPU
		{E6ED2DB1-C6E1-47A8-BC49-FCBB373E2745}.Release|x86.ActiveCfg = Release|Any CPU
		{E6ED2DB1-C6E1-47A8-BC49-FCBB373E2745}.Release|x86.Build.0 = Release|Any CPU
		{04E86557-DAF6-4AED-93D4-B5E4E4E70CE8}.Debug|Any CPU.ActiveCfg = Debug|Any CPU
		{04E86557-DAF6-4AED-93D4-B5E4E4E70CE8}.Debug|Any CPU.Build.0 = Debug|Any CPU
		{04E86557-DAF6-4AED-93D4-B5E4E4E70CE8}.Debug|x64.ActiveCfg = Debug|Any CPU
		{04E86557-DAF6-4AED-93D4-B5E4E4E70CE8}.Debug|x64.Build.0 = Debug|Any CPU
		{04E86557-DAF6-4AED-93D4-B5E4E4E70CE8}.Debug|x86.ActiveCfg = Debug|Any CPU
		{04E86557-DAF6-4AED-93D4-B5E4E4E70CE8}.Debug|x86.Build.0 = Debug|Any CPU
		{04E86557-DAF6-4AED-93D4-B5E4E4E70CE8}.Release|Any CPU.ActiveCfg = Release|Any CPU
		{04E86557-DAF6-4AED-93D4-B5E4E4E70CE8}.Release|Any CPU.Build.0 = Release|Any CPU
		{04E86557-DAF6-4AED-93D4-B5E4E4E70CE8}.Release|x64.ActiveCfg = Release|Any CPU
		{04E86557-DAF6-4AED-93D4-B5E4E4E70CE8}.Release|x64.Build.0 = Release|Any CPU
		{04E86557-DAF6-4AED-93D4-B5E4E4E70CE8}.Release|x86.ActiveCfg = Release|Any CPU
		{04E86557-DAF6-4AED-93D4-B5E4E4E70CE8}.Release|x86.Build.0 = Release|Any CPU
	EndGlobalSection
	GlobalSection(SolutionProperties) = preSolution
		HideSolutionNode = FALSE
	EndGlobalSection
	GlobalSection(NestedProjects) = preSolution
		{1D3D9916-AAE4-4308-9B69-E931762FF938} = {827E0CD3-B72D-47B6-A68D-7590B98EB39B}
		{C21B6108-C677-495F-AAB6-55A80792BF5A} = {827E0CD3-B72D-47B6-A68D-7590B98EB39B}
		{59966C14-0330-4DC1-9A14-0CFD8A7D0F94} = {827E0CD3-B72D-47B6-A68D-7590B98EB39B}
		{C5046B66-29B6-49C6-A019-B8A2961ED350} = {827E0CD3-B72D-47B6-A68D-7590B98EB39B}
		{4AD613DF-E537-45E0-AD87-CBF238D4EF65} = {827E0CD3-B72D-47B6-A68D-7590B98EB39B}
		{E6ED2DB1-C6E1-47A8-BC49-FCBB373E2745} = {827E0CD3-B72D-47B6-A68D-7590B98EB39B}
		{04E86557-DAF6-4AED-93D4-B5E4E4E70CE8} = {0AB3BF05-4346-4AA6-1389-037BE0695223}
	EndGlobalSection
EndGlobal
